
Microsoft Visual Studio Solution File, Format Version 12.00
# Visual Studio 15
VisualStudioVersion = 15.0.27703.2035
MinimumVisualStudioVersion = 10.0.40219.1
Project("{9A19103F-16F7-4668-BE54-9A1E7A4F7556}") = "Microcharts.GTK.Sample", "Microcharts.GTK.Sample\Microcharts.GTK.Sample\Microcharts.GTK.Sample.csproj", "{FA74283C-2C75-4260-B057-B75694FCE1FB}"
EndProject
Project("{FAE04EC0-301F-11D3-BF4B-00C04F79EFBC}") = "Microcharts.GTK.Sample.GTK", "Microcharts.GTK.Sample\Microcharts.GTK.Sample.GTK\Microcharts.GTK.Sample.GTK.csproj", "{28CBDD3E-81F9-42B9-BD58-893516FD23C5}"
EndProject
Global
	GlobalSection(SolutionConfigurationPlatforms) = preSolution
		Debug|Any CPU = Debug|Any CPU
		Release|Any CPU = Release|Any CPU
	EndGlobalSection
	GlobalSection(ProjectConfigurationPlatforms) = postSolution
		{FA74283C-2C75-4260-B057-B75694FCE1FB}.Debug|Any CPU.ActiveCfg = Debug|Any CPU
		{FA74283C-2C75-4260-B057-B75694FCE1FB}.Debug|Any CPU.Build.0 = Debug|Any CPU
		{FA74283C-2C75-4260-B057-B75694FCE1FB}.Debug|Any CPU.Deploy.0 = Debug|Any CPU
		{FA74283C-2C75-4260-B057-B75694FCE1FB}.Release|Any CPU.ActiveCfg = Release|Any CPU
		{FA74283C-2C75-4260-B057-B75694FCE1FB}.Release|Any CPU.Build.0 = Release|Any CPU
		{FA74283C-2C75-4260-B057-B75694FCE1FB}.Release|Any CPU.Deploy.0 = Release|Any CPU
		{28CBDD3E-81F9-42B9-BD58-893516FD23C5}.Debug|Any CPU.ActiveCfg = Debug|Any CPU
		{28CBDD3E-81F9-42B9-BD58-893516FD23C5}.Debug|Any CPU.Build.0 = Debug|Any CPU
		{28CBDD3E-81F9-42B9-BD58-893516FD23C5}.Release|Any CPU.ActiveCfg = Release|Any CPU
		{28CBDD3E-81F9-42B9-BD58-893516FD23C5}.Release|Any CPU.Build.0 = Release|Any CPU
	EndGlobalSection
	GlobalSection(SolutionProperties) = preSolution
		HideSolutionNode = FALSE
	EndGlobalSection
	GlobalSection(ExtensibilityGlobals) = postSolution
		SolutionGuid = {846D4BDF-24B1-4526-8DBD-E37FFF8A50CD}
	EndGlobalSection
EndGlobal
